// !$*UTF8*$!
{
	archiveVersion = 1;
	classes = {
	};
	objectVersion = 77;
	objects = {

/* Begin PBXContainerItemProxy section */
		EC25B1F32FC19CF6000F992E /* PBXContainerItemProxy */ = {
			isa = PBXContainerItemProxy;
			containerPortal = EC25B1DA2FC19CF5000F992E /* Project object */;
			proxyType = 1;
			remoteGlobalIDString = EC25B1E12FC19CF5000F992E;
			remoteInfo = "planzo-mobile-app";
		};
		EC25B1FD2FC19CF6000F992E /* PBXContainerItemProxy */ = {
			isa = PBXContainerItemProxy;
			containerPortal = EC25B1DA2FC19CF5000F992E /* Project object */;
			proxyType = 1;
			remoteGlobalIDString = EC25B1E12FC19CF5000F992E;
			remoteInfo = "planzo-mobile-app";
		};
/* End PBXContainerItemProxy section */

/* Begin PBXFileReference section */
		EC25B1E22FC19CF5000F992E /* planzo-mobile-app.app */ = {isa = PBXFileReference; explicitFileType = wrapper.application; includeInIndex = 0; path = "planzo-mobile-app.app"; sourceTree = BUILT_PRODUCTS_DIR; };
		EC25B1F22FC19CF6000F992E /* planzo-mobile-appTests.xctest */ = {isa = PBXFileReference; explicitFileType = wrapper.cfbundle; includeInIndex = 0; path = "planzo-mobile-appTests.xctest"; sourceTree = BUILT_PRODUCTS_DIR; };
		EC25B1FC2FC19CF6000F992E /* planzo-mobile-appUITests.xctest */ = {isa = PBXFileReference; explicitFileType = wrapper.cfbundle; includeInIndex = 0; path = "planzo-mobile-appUITests.xctest"; sourceTree = BUILT_PRODUCTS_DIR; };
/* End PBXFileReference section */

/* Begin PBXFileSystemSynchronizedRootGroup section */
		EC25B1E42FC19CF5000F992E /* planzo-mobile-app */ = {
			isa = PBXFileSystemSynchronizedRootGroup;
			path = "planzo-mobile-app";
			sourceTree = "<group>";
		};
		EC25B1F52FC19CF6000F992E /* planzo-mobile-appTests */ = {
			isa = PBXFileSystemSynchronizedRootGroup;
			path = "planzo-mobile-appTests";
			sourceTree = "<group>";
		};
		EC25B1FF2FC19CF6000F992E /* planzo-mobile-appUITests */ = {
			isa = PBXFileSystemSynchronizedRootGroup;
			path = "planzo-mobile-appUITests";
			sourceTree = "<group>";
		};
/* End PBXFileSystemSynchronizedRootGroup section */

/* Begin PBXFrameworksBuildPhase section */
		EC25B1DF2FC19CF5000F992E /* Frameworks */ = {
			isa = PBXFrameworksBuildPhase;
			buildActionMask = 2147483647;
			files = (
			);
			runOnlyForDeploymentPostprocessing = 0;
		};
		EC25B1EF2FC19CF6000F992E /* Frameworks */ = {
			isa = PBXFrameworksBuildPhase;
			buildActionMask = 2147483647;
			files = (
			);
			runOnlyForDeploymentPostprocessing = 0;
		};
		EC25B1F92FC19CF6000F992E /* Frameworks */ = {
			isa = PBXFrameworksBuildPhase;
			buildActionMask = 2147483647;
			files = (
			);
			runOnlyForDeploymentPostprocessing = 0;
		};
/* End PBXFrameworksBuildPhase section */

/* Begin PBXGroup section */
		EC25B1D92FC19CF5000F992E = {
			isa = PBXGroup;
			children = (
				EC25B1E42FC19CF5000F992E /* planzo-mobile-app */,
				EC25B1F52FC19CF6000F992E /* planzo-mobile-appTests */,
				EC25B1FF2FC19CF6000F992E /* planzo-mobile-appUITests */,
				EC25B1E32FC19CF5000F992E /* Products */,
			);
			sourceTree = "<group>";
		};
		EC25B1E32FC19CF5000F992E /* Products */ = {
			isa = PBXGroup;
			children = (
				EC25B1E22FC19CF5000F992E /* planzo-mobile-app.app */,
				EC25B1F22FC19CF6000F992E /* planzo-mobile-appTests.xctest */,
				EC25B1FC2FC19CF6000F992E /* planzo-mobile-appUITests.xctest */,
			);
			name = Products;
			sourceTree = "<group>";
		};
/* End PBXGroup section */

/* Begin PBXNativeTarget section */
		EC25B1E12FC19CF5000F992E /* planzo-mobile-app */ = {
			isa = PBXNativeTarget;
			buildConfigurationList = EC25B2062FC19CF6000F992E /* Build configuration list for PBXNativeTarget "planzo-mobile-app" */;
			buildPhases = (
				EC25B1DE2FC19CF5000F992E /* Sources */,
				EC25B1DF2FC19CF5000F992E /* Frameworks */,
				EC25B1E02FC19CF5000F992E /* Resources */,
			);
			buildRules = (
			);
			dependencies = (
			);
			fileSystemSynchronizedGroups = (
				EC25B1E42FC19CF5000F992E /* planzo-mobile-app */,
			);
			name = "planzo-mobile-app";
			packageProductDependencies = (
			);
			productName = "planzo-mobile-app";
			productReference = EC25B1E22FC19CF5000F992E /* planzo-mobile-app.app */;
			productType = "com.apple.product-type.application";
		};
		EC25B1F12FC19CF6000F992E /* planzo-mobile-appTests */ = {
			isa = PBXNativeTarget;
			buildConfigurationList = EC25B2092FC19CF6000F992E /* Build configuration list for PBXNativeTarget "planzo-mobile-appTests" */;
			buildPhases = (
				EC25B1EE2FC19CF6000F992E /* Sources */,
				EC25B1EF2FC19CF6000F992E /* Frameworks */,
				EC25B1F02FC19CF6000F992E /* Resources */,
			);
			buildRules = (
			);
			dependencies = (
				EC25B1F42FC19CF6000F992E /* PBXTargetDependency */,
			);
			fileSystemSynchronizedGroups = (
				EC25B1F52FC19CF6000F992E /* planzo-mobile-appTests */,
			);
			name = "planzo-mobile-appTests";
			packageProductDependencies = (
			);
			productName = "planzo-mobile-appTests";
			productReference = EC25B1F22FC19CF6000F992E /* planzo-mobile-appTests.xctest */;
			productType = "com.apple.product-type.bundle.unit-test";
		};
		EC25B1FB2FC19CF6000F992E /* planzo-mobile-appUITests */ = {
			isa = PBXNativeTarget;
			buildConfigurationList = EC25B20C2FC19CF6000F992E /* Build configuration list for PBXNativeTarget "planzo-mobile-appUITests" */;
			buildPhases = (
				EC25B1F82FC19CF6000F992E /* Sources */,
				EC25B1F92FC19CF6000F992E /* Frameworks */,
				EC25B1FA2FC19CF6000F992E /* Resources */,
			);
			buildRules = (
			);
			dependencies = (
				EC25B1FE2FC19CF6000F992E /* PBXTargetDependency */,
			);
			fileSystemSynchronizedGroups = (
				EC25B1FF2FC19CF6000F992E /* planzo-mobile-appUITests */,
			);
			name = "planzo-mobile-appUITests";
			packageProductDependencies = (
			);
			productName = "planzo-mobile-appUITests";
			productReference = EC25B1FC2FC19CF6000F992E /* planzo-mobile-appUITests.xctest */;
			productType = "com.apple.product-type.bundle.ui-testing";
		};
/* End PBXNativeTarget section */

/* Begin PBXProject section */
		EC25B1DA2FC19CF5000F992E /* Project object */ = {
			isa = PBXProject;
			attributes = {
				BuildIndependentTargetsInParallel = 1;
				LastSwiftUpdateCheck = 1620;
				LastUpgradeCheck = 1620;
				TargetAttributes = {
					EC25B1E12FC19CF5000F992E = {
						CreatedOnToolsVersion = 16.2;
					};
					EC25B1F12FC19CF6000F992E = {
						CreatedOnToolsVersion = 16.2;
						TestTargetID = EC25B1E12FC19CF5000F992E;
					};
					EC25B1FB2FC19CF6000F992E = {
						CreatedOnToolsVersion = 16.2;
						TestTargetID = EC25B1E12FC19CF5000F992E;
					};
				};
			};
			buildConfigurationList = EC25B1DD2FC19CF5000F992E /* Build configuration list for PBXProject "planzo-mobile-app" */;
			developmentRegion = en;
			hasScannedForEncodings = 0;
			knownRegions = (
				en,
				Base,
			);
			mainGroup = EC25B1D92FC19CF5000F992E;
			minimizedProjectReferenceProxies = 1;
			preferredProjectObjectVersion = 77;
			productRefGroup = EC25B1E32FC19CF5000F992E /* Products */;
			projectDirPath = "";
			projectRoot = "";
			targets = (
				EC25B1E12FC19CF5000F992E /* planzo-mobile-app */,
				EC25B1F12FC19CF6000F992E /* planzo-mobile-appTests */,
				EC25B1FB2FC19CF6000F992E /* planzo-mobile-appUITests */,
			);
		};
/* End PBXProject section */

/* Begin PBXResourcesBuildPhase section */
		EC25B1E02FC19CF5000F992E /* Resources */ = {
			isa = PBXResourcesBuildPhase;
			buildActionMask = 2147483647;
			files = (
			);
			runOnlyForDeploymentPostprocessing = 0;
		};
		EC25B1F02FC19CF6000F992E /* Resources */ = {
			isa = PBXResourcesBuildPhase;
			buildActionMask = 2147483647;
			files = (
			);
			runOnlyForDeploymentPostprocessing = 0;
		};
		EC25B1FA2FC19CF6000F992E /* Resources */ = {
			isa = PBXResourcesBuildPhase;
			buildActionMask = 2147483647;
			files = (
			);
			runOnlyForDeploymentPostprocessing = 0;
		};
/* End PBXResourcesBuildPhase section */

/* Begin PBXSourcesBuildPhase section */
		EC25B1DE2FC19CF5000F992E /* Sources */ = {
			isa = PBXSourcesBuildPhase;
			buildActionMask = 2147483647;
			files = (
			);
			runOnlyForDeploymentPostprocessing = 0;
		};
		EC25B1EE2FC19CF6000F992E /* Sources */ = {
			isa = PBXSourcesBuildPhase;
			buildActionMask = 2147483647;
			files = (
			);
			runOnlyForDeploymentPostprocessing = 0;
		};
		EC25B1F82FC19CF6000F992E /* Sources */ = {
			isa = PBXSourcesBuildPhase;
			buildActionMask = 2147483647;
			files = (
			);
			runOnlyForDeploymentPostprocessing = 0;
		};
/* End PBXSourcesBuildPhase section */

/* Begin PBXTargetDependency section */
		EC25B1F42FC19CF6000F992E /* PBXTargetDependency */ = {
			isa = PBXTargetDependency;
			target = EC25B1E12FC19CF5000F992E /* planzo-mobile-app */;
			targetProxy = EC25B1F32FC19CF6000F992E /* PBXContainerItemProxy */;
		};
		EC25B1FE2FC19CF6000F992E /* PBXTargetDependency */ = {
			isa = PBXTargetDependency;
			target = EC25B1E12FC19CF5000F992E /* planzo-mobile-app */;
			targetProxy = EC25B1FD2FC19CF6000F992E /* PBXContainerItemProxy */;
		};
/* End PBXTargetDependency section */

/* Begin XCBuildConfiguration section */
		EC25B2042FC19CF6000F992E /* Debug */ = {
			isa = XCBuildConfiguration;
			buildSettings = {
				ALWAYS_SEARCH_USER_PATHS = NO;
				ASSETCATALOG_COMPILER_GENERATE_SWIFT_ASSET_SYMBOL_EXTENSIONS = YES;
				CLANG_ANALYZER_NONNULL = YES;
				CLANG_ANALYZER_NUMBER_OBJECT_CONVERSION = YES_AGGRESSIVE;
				CLANG_CXX_LANGUAGE_STANDARD = "gnu++20";
				CLANG_ENABLE_MODULES = YES;
				CLANG_ENABLE_OBJC_ARC = YES;
				CLANG_ENABLE_OBJC_WEAK = YES;
				CLANG_WARN_BLOCK_CAPTURE_AUTORELEASING = YES;
				CLANG_WARN_BOOL_CONVERSION = YES;
				CLANG_WARN_COMMA = YES;
				CLANG_WARN_CONSTANT_CONVERSION = YES;
				CLANG_WARN_DEPRECATED_OBJC_IMPLEMENTATIONS = YES;
				CLANG_WARN_DIRECT_OBJC_ISA_USAGE = YES_ERROR;
				CLANG_WARN_DOCUMENTATION_COMMENTS = YES;
				CLANG_WARN_EMPTY_BODY = YES;
				CLANG_WARN_ENUM_CONVERSION = YES;
				CLANG_WARN_INFINITE_RECURSION = YES;
				CLANG_WARN_INT_CONVERSION = YES;
				CLANG_WARN_NON_LITERAL_NULL_CONVERSION = YES;
				CLANG_WARN_OBJC_IMPLICIT_RETAIN_SELF = YES;
				CLANG_WARN_OBJC_LITERAL_CONVERSION = YES;
				CLANG_WARN_OBJC_ROOT_CLASS = YES_ERROR;
				CLANG_WARN_QUOTED_INCLUDE_IN_FRAMEWORK_HEADER = YES;
				CLANG_WARN_RANGE_LOOP_ANALYSIS = YES;
				CLANG_WARN_STRICT_PROTOTYPES = YES;
				CLANG_WARN_SUSPICIOUS_MOVE = YES;
				CLANG_WARN_UNGUARDED_AVAILABILITY = YES_AGGRESSIVE;
				CLANG_WARN_UNREACHABLE_CODE = YES;
				CLANG_WARN__DUPLICATE_METHOD_MATCH = YES;
				COPY_PHASE_STRIP = NO;
				DEBUG_INFORMATION_FORMAT = dwarf;
				ENABLE_STRICT_OBJC_MSGSEND = YES;
				ENABLE_TESTABILITY = YES;
				ENABLE_USER_SCRIPT_SANDBOXING = YES;
				GCC_C_LANGUAGE_STANDARD = gnu17;
				GCC_DYNAMIC_NO_PIC = NO;
				GCC_NO_COMMON_BLOCKS = YES;
				GCC_OPTIMIZATION_LEVEL = 0;
				GCC_PREPROCESSOR_DEFINITIONS = (
					"DEBUG=1",
					"$(inherited)",
				);
				GCC_WARN_64_TO_32_BIT_CONVERSION = YES;
				GCC_WARN_ABOUT_RETURN_TYPE = YES_ERROR;
				GCC_WARN_UNDECLARED_SELECTOR = YES;
				GCC_WARN_UNINITIALIZED_AUTOS = YES_AGGRESSIVE;
				GCC_WARN_UNUSED_FUNCTION = YES;
				GCC_WARN_UNUSED_VARIABLE = YES;
				IPHONEOS_DEPLOYMENT_TARGET = 18.2;
				LOCALIZATION_PREFERS_STRING_CATALOGS = YES;
				MTL_ENABLE_DEBUG_INFO = INCLUDE_SOURCE;
				MTL_FAST_MATH = YES;
				ONLY_ACTIVE_ARCH = YES;
				SDKROOT = iphoneos;
				SWIFT_ACTIVE_COMPILATION_CONDITIONS = "DEBUG $(inherited)";
				SWIFT_OPTIMIZATION_LEVEL = "-Onone";
			};
			name = Debug;
		};
		EC25B2052FC19CF6000F992E /* Release */ = {
			isa = XCBuildConfiguration;
			buildSettings = {
				ALWAYS_SEARCH_USER_PATHS = NO;
				ASSETCATALOG_COMPILER_GENERATE_SWIFT_ASSET_SYMBOL_EXTENSIONS = YES;
				CLANG_ANALYZER_NONNULL = YES;
				CLANG_ANALYZER_NUMBER_OBJECT_CONVERSION = YES_AGGRESSIVE;
				CLANG_CXX_LANGUAGE_STANDARD = "gnu++20";
				CLANG_ENABLE_MODULES = YES;
				CLANG_ENABLE_OBJC_ARC = YES;
				CLANG_ENABLE_OBJC_WEAK = YES;
				CLANG_WARN_BLOCK_CAPTURE_AUTORELEASING = YES;
				CLANG_WARN_BOOL_CONVERSION = YES;
				CLANG_WARN_COMMA = YES;
				CLANG_WARN_CONSTANT_CONVERSION = YES;
				CLANG_WARN_DEPRECATED_OBJC_IMPLEMENTATIONS = YES;
				CLANG_WARN_DIRECT_OBJC_ISA_USAGE = YES_ERROR;
				CLANG_WARN_DOCUMENTATION_COMMENTS = YES;
				CLANG_WARN_EMPTY_BODY = YES;
				CLANG_WARN_ENUM_CONVERSION = YES;
				CLANG_WARN_INFINITE_RECURSION = YES;
				CLANG_WARN_INT_CONVERSION = YES;
				CLANG_WARN_NON_LITERAL_NULL_CONVERSION = YES;
				CLANG_WARN_OBJC_IMPLICIT_RETAIN_SELF = YES;
				CLANG_WARN_OBJC_LITERAL_CONVERSION = YES;
				CLANG_WARN_OBJC_ROOT_CLASS = YES_ERROR;
				CLANG_WARN_QUOTED_INCLUDE_IN_FRAMEWORK_HEADER = YES;
				CLANG_WARN_RANGE_LOOP_ANALYSIS = YES;
				CLANG_WARN_STRICT_PROTOTYPES = YES;
				CLANG_WARN_SUSPICIOUS_MOVE = YES;
				CLANG_WARN_UNGUARDED_AVAILABILITY = YES_AGGRESSIVE;
				CLANG_WARN_UNREACHABLE_CODE = YES;
				CLANG_WARN__DUPLICATE_METHOD_MATCH = YES;
				COPY_PHASE_STRIP = NO;
				DEBUG_INFORMATION_FORMAT = "dwarf-with-dsym";
				ENABLE_NS_ASSERTIONS = NO;
				ENABLE_STRICT_OBJC_MSGSEND = YES;
				ENABLE_USER_SCRIPT_SANDBOXING = YES;
				GCC_C_LANGUAGE_STANDARD = gnu17;
				GCC_NO_COMMON_BLOCKS = YES;
				GCC_WARN_64_TO_32_BIT_CONVERSION = YES;
				GCC_WARN_ABOUT_RETURN_TYPE = YES_ERROR;
				GCC_WARN_UNDECLARED_SELECTOR = YES;
				GCC_WARN_UNINITIALIZED_AUTOS = YES_AGGRESSIVE;
				GCC_WARN_UNUSED_FUNCTION = YES;
				GCC_WARN_UNUSED_VARIABLE = YES;
				IPHONEOS_DEPLOYMENT_TARGET = 18.2;
				LOCALIZATION_PREFERS_STRING_CATALOGS = YES;
				MTL_ENABLE_DEBUG_INFO = NO;
				MTL_FAST_MATH = YES;
				SDKROOT = iphoneos;
				SWIFT_COMPILATION_MODE = wholemodule;
				VALIDATE_PRODUCT = YES;
			};
			name = Release;
		};
		EC25B2072FC19CF6000F992E /* Debug */ = {
			isa = XCBuildConfiguration;
			buildSettings = {
				ASSETCATALOG_COMPILER_APPICON_NAME = AppIcon;
				ASSETCATALOG_COMPILER_GLOBAL_ACCENT_COLOR_NAME = AccentColor;
				CODE_SIGN_STYLE = Automatic;
				CURRENT_PROJECT_VERSION = 1;
				DEVELOPMENT_ASSET_PATHS = "\"planzo-mobile-app/Preview Content\"";
				ENABLE_PREVIEWS = YES;
				GENERATE_INFOPLIST_FILE = YES;
				INFOPLIST_KEY_UIApplicationSceneManifest_Generation = YES;
				INFOPLIST_KEY_UIApplicationSupportsIndirectInputEvents = YES;
				INFOPLIST_KEY_UILaunchScreen_Generation = YES;
				INFOPLIST_KEY_UISupportedInterfaceOrientations_iPad = "UIInterfaceOrientationPortrait UIInterfaceOrientationPortraitUpsideDown UIInterfaceOrientationLandscapeLeft UIInterfaceOrientationLandscapeRight";
				INFOPLIST_KEY_UISupportedInterfaceOrientations_iPhone = "UIInterfaceOrientationPortrait UIInterfaceOrientationLandscapeLeft UIInterfaceOrientationLandscapeRight";
				LD_RUNPATH_SEARCH_PATHS = (
					"$(inherited)",
					"@executable_path/Frameworks",
				);
				MARKETING_VERSION = 1.0;
				PRODUCT_BUNDLE_IDENTIFIER = "mpbh.planzo-mobile-app";
				PRODUCT_NAME = "$(TARGET_NAME)";
				SWIFT_EMIT_LOC_STRINGS = YES;
				SWIFT_VERSION = 5.0;
				TARGETED_DEVICE_FAMILY = "1,2";
			};
			name = Debug;
		};
		EC25B2082FC19CF6000F992E /* Release */ = {
			isa = XCBuildConfiguration;
			buildSettings = {
				ASSETCATALOG_COMPILER_APPICON_NAME = AppIcon;
				ASSETCATALOG_COMPILER_GLOBAL_ACCENT_COLOR_NAME = AccentColor;
				CODE_SIGN_STYLE = Automatic;
				CURRENT_PROJECT_VERSION = 1;
				DEVELOPMENT_ASSET_PATHS = "\"planzo-mobile-app/Preview Content\"";
				ENABLE_PREVIEWS = YES;
				GENERATE_INFOPLIST_FILE = YES;
				INFOPLIST_KEY_UIApplicationSceneManifest_Generation = YES;
				INFOPLIST_KEY_UIApplicationSupportsIndirectInputEvents = YES;
				INFOPLIST_KEY_UILaunchScreen_Generation = YES;
				INFOPLIST_KEY_UISupportedInterfaceOrientations_iPad = "UIInterfaceOrientationPortrait UIInterfaceOrientationPortraitUpsideDown UIInterfaceOrientationLandscapeLeft UIInterfaceOrientationLandscapeRight";
				INFOPLIST_KEY_UISupportedInterfaceOrientations_iPhone = "UIInterfaceOrientationPortrait UIInterfaceOrientationLandscapeLeft UIInterfaceOrientationLandscapeRight";
				LD_RUNPATH_SEARCH_PATHS = (
					"$(inherited)",
					"@executable_path/Frameworks",
				);
				MARKETING_VERSION = 1.0;
				PRODUCT_BUNDLE_IDENTIFIER = "mpbh.planzo-mobile-app";
				PRODUCT_NAME = "$(TARGET_NAME)";
				SWIFT_EMIT_LOC_STRINGS = YES;
				SWIFT_VERSION = 5.0;
				TARGETED_DEVICE_FAMILY = "1,2";
			};
			name = Release;
		};
		EC25B20A2FC19CF6000F992E /* Debug */ = {
			isa = XCBuildConfiguration;
			buildSettings = {
				BUNDLE_LOADER = "$(TEST_HOST)";
				CODE_SIGN_STYLE = Automatic;
				CURRENT_PROJECT_VERSION = 1;
				GENERATE_INFOPLIST_FILE = YES;
				IPHONEOS_DEPLOYMENT_TARGET = 18.2;
				MARKETING_VERSION = 1.0;
				PRODUCT_BUNDLE_IDENTIFIER = "mpbh.planzo-mobile-appTests";
				PRODUCT_NAME = "$(TARGET_NAME)";
				SWIFT_EMIT_LOC_STRINGS = NO;
				SWIFT_VERSION = 5.0;
				TARGETED_DEVICE_FAMILY = "1,2";
				TEST_HOST = "$(BUILT_PRODUCTS_DIR)/planzo-mobile-app.app/$(BUNDLE_EXECUTABLE_FOLDER_PATH)/planzo-mobile-app";
			};
			name = Debug;
		};
		EC25B20B2FC19CF6000F992E /* Release */ = {
			isa = XCBuildConfiguration;
			buildSettings = {
				BUNDLE_LOADER = "$(TEST_HOST)";
				CODE_SIGN_STYLE = Automatic;
				CURRENT_PROJECT_VERSION = 1;
				GENERATE_INFOPLIST_FILE = YES;
				IPHONEOS_DEPLOYMENT_TARGET = 18.2;
				MARKETING_VERSION = 1.0;
				PRODUCT_BUNDLE_IDENTIFIER = "mpbh.planzo-mobile-appTests";
				PRODUCT_NAME = "$(TARGET_NAME)";
				SWIFT_EMIT_LOC_STRINGS = NO;
				SWIFT_VERSION = 5.0;
				TARGETED_DEVICE_FAMILY = "1,2";
				TEST_HOST = "$(BUILT_PRODUCTS_DIR)/planzo-mobile-app.app/$(BUNDLE_EXECUTABLE_FOLDER_PATH)/planzo-mobile-app";
			};
			name = Release;
		};
		EC25B20D2FC19CF6000F992E /* Debug */ = {
			isa = XCBuildConfiguration;
			buildSettings = {
				CODE_SIGN_STYLE = Automatic;
				CURRENT_PROJECT_VERSION = 1;
				GENERATE_INFOPLIST_FILE = YES;
				MARKETING_VERSION = 1.0;
				PRODUCT_BUNDLE_IDENTIFIER = "mpbh.planzo-mobile-appUITests";
				PRODUCT_NAME = "$(TARGET_NAME)";
				SWIFT_EMIT_LOC_STRINGS = NO;
				SWIFT_VERSION = 5.0;
				TARGETED_DEVICE_FAMILY = "1,2";
				TEST_TARGET_NAME = "planzo-mobile-app";
			};
			name = Debug;
		};
		EC25B20E2FC19CF6000F992E /* Release */ = {
			isa = XCBuildConfiguration;
			buildSettings = {
				CODE_SIGN_STYLE = Automatic;
				CURRENT_PROJECT_VERSION = 1;
				GENERATE_INFOPLIST_FILE = YES;
				MARKETING_VERSION = 1.0;
				PRODUCT_BUNDLE_IDENTIFIER = "mpbh.planzo-mobile-appUITests";
				PRODUCT_NAME = "$(TARGET_NAME)";
				SWIFT_EMIT_LOC_STRINGS = NO;
				SWIFT_VERSION = 5.0;
				TARGETED_DEVICE_FAMILY = "1,2";
				TEST_TARGET_NAME = "planzo-mobile-app";
			};
			name = Release;
		};
/* End XCBuildConfiguration section */

/* Begin XCConfigurationList section */
		EC25B1DD2FC19CF5000F992E /* Build configuration list for PBXProject "planzo-mobile-app" */ = {
			isa = XCConfigurationList;
			buildConfigurations = (
				EC25B2042FC19CF6000F992E /* Debug */,
				EC25B2052FC19CF6000F992E /* Release */,
			);
			defaultConfigurationIsVisible = 0;
			defaultConfigurationName = Release;
		};
		EC25B2062FC19CF6000F992E /* Build configuration list for PBXNativeTarget "planzo-mobile-app" */ = {
			isa = XCConfigurationList;
			buildConfigurations = (
				EC25B2072FC19CF6000F992E /* Debug */,
				EC25B2082FC19CF6000F992E /* Release */,
			);
			defaultConfigurationIsVisible = 0;
			defaultConfigurationName = Release;
		};
		EC25B2092FC19CF6000F992E /* Build configuration list for PBXNativeTarget "planzo-mobile-appTests" */ = {
			isa = XCConfigurationList;
			buildConfigurations = (
				EC25B20A2FC19CF6000F992E /* Debug */,
				EC25B20B2FC19CF6000F992E /* Release */,
			);
			defaultConfigurationIsVisible = 0;
			defaultConfigurationName = Release;
		};
		EC25B20C2FC19CF6000F992E /* Build configuration list for PBXNativeTarget "planzo-mobile-appUITests" */ = {
			isa = XCConfigurationList;
			buildConfigurations = (
				EC25B20D2FC19CF6000F992E /* Debug */,
				EC25B20E2FC19CF6000F992E /* Release */,
			);
			defaultConfigurationIsVisible = 0;
			defaultConfigurationName = Release;
		};
/* End XCConfigurationList section */
	};
	rootObject = EC25B1DA2FC19CF5000F992E /* Project object */;
}
